
Microsoft Visual Studio Solution File, Format Version 12.00
# Visual Studio 15
VisualStudioVersion = 15.0.28307.421
MinimumVisualStudioVersion = 10.0.40219.1
Project("{FAE04EC0-301F-11D3-BF4B-00C04F79EFBC}") = "GrajaProject.Android", "GrajaProject\GrajaProject.Android\GrajaProject.Android.csproj", "{C759B7E9-1D33-4388-9F12-D7690AD97735}"
EndProject
Project("{FAE04EC0-301F-11D3-BF4B-00C04F79EFBC}") = "GrajaProject.iOS", "GrajaProject\GrajaProject.iOS\GrajaProject.iOS.csproj", "{4C09B878-7303-465B-83B6-8822770CE333}"
EndProject
Project("{9A19103F-16F7-4668-BE54-9A1E7A4F7556}") = "GrajaProject", "GrajaProject\GrajaProject\GrajaProject.csproj", "{26CDD390-82BF-41EE-A2D1-81FF056C3C53}"
EndProject
Project("{9A19103F-16F7-4668-BE54-9A1E7A4F7556}") = "LLParsers", "LLParsers\LLParsers.csproj", "{575ACC74-CB00-4E45-805E-4D83B0A84A04}"
EndProject
Project("{FAE04EC0-301F-11D3-BF4B-00C04F79EFBC}") = "GrajaProject.UnitTests", "GrajaProject.UnitTests\GrajaProject.UnitTests.csproj", "{6A61B687-7D94-4D00-A01C-16BB12D51B05}"
EndProject
Project("{2150E333-8FDC-42A3-9474-1A3956D46DE8}") = "Mobile projects", "Mobile projects", "{4AC74E05-EF61-49E1-80FD-DF958F11B9F3}"
EndProject
Project("{2150E333-8FDC-42A3-9474-1A3956D46DE8}") = "Test projects", "Test projects", "{8B6E65F6-7002-4EB0-ADF9-FF3ABB9A02B1}"
EndProject
Project("{2150E333-8FDC-42A3-9474-1A3956D46DE8}") = "Helper Projects", "Helper Projects", "{91EC6788-DF2A-4293-B712-8BB300A11A4E}"
EndProject
Project("{FAE04EC0-301F-11D3-BF4B-00C04F79EFBC}") = "StringManipulation", "StringManipulation\StringManipulation.csproj", "{E0DEAC5D-89FB-4A9D-A58E-463F675E8204}"
EndProject
Global
	GlobalSection(SolutionConfigurationPlatforms) = preSolution
		Ad-Hoc|Any CPU = Ad-Hoc|Any CPU
		Ad-Hoc|iPhone = Ad-Hoc|iPhone
		Ad-Hoc|iPhoneSimulator = Ad-Hoc|iPhoneSimulator
		AppStore|Any CPU = AppStore|Any CPU
		AppStore|iPhone = AppStore|iPhone
		AppStore|iPhoneSimulator = AppStore|iPhoneSimulator
		Debug|Any CPU = Debug|Any CPU
		Debug|iPhone = Debug|iPhone
		Debug|iPhoneSimulator = Debug|iPhoneSimulator
		Release|Any CPU = Release|Any CPU
		Release|iPhone = Release|iPhone
		Release|iPhoneSimulator = Release|iPhoneSimulator
	EndGlobalSection
	GlobalSection(ProjectConfigurationPlatforms) = postSolution
		{C759B7E9-1D33-4388-9F12-D7690AD97735}.Ad-Hoc|Any CPU.ActiveCfg = Release|Any CPU
		{C759B7E9-1D33-4388-9F12-D7690AD97735}.Ad-Hoc|Any CPU.Build.0 = Release|Any CPU
		{C759B7E9-1D33-4388-9F12-D7690AD97735}.Ad-Hoc|Any CPU.Deploy.0 = Release|Any CPU
		{C759B7E9-1D33-4388-9F12-D7690AD97735}.Ad-Hoc|iPhone.ActiveCfg = Release|Any CPU
		{C759B7E9-1D33-4388-9F12-D7690AD97735}.Ad-Hoc|iPhone.Build.0 = Release|Any CPU
		{C759B7E9-1D33-4388-9F12-D7690AD97735}.Ad-Hoc|iPhone.Deploy.0 = Release|Any CPU
		{C759B7E9-1D33-4388-9F12-D7690AD97735}.Ad-Hoc|iPhoneSimulator.ActiveCfg = Release|Any CPU
		{C759B7E9-1D33-4388-9F12-D7690AD97735}.Ad-Hoc|iPhoneSimulator.Build.0 = Release|Any CPU
		{C759B7E9-1D33-4388-9F12-D7690AD97735}.Ad-Hoc|iPhoneSimulator.Deploy.0 = Release|Any CPU
		{C759B7E9-1D33-4388-9F12-D7690AD97735}.AppStore|Any CPU.ActiveCfg = Release|Any CPU
		{C759B7E9-1D33-4388-9F12-D7690AD97735}.AppStore|Any CPU.Build.0 = Release|Any CPU
		{C759B7E9-1D33-4388-9F12-D7690AD97735}.AppStore|Any CPU.Deploy.0 = Release|Any CPU
		{C759B7E9-1D33-4388-9F12-D7690AD97735}.AppStore|iPhone.ActiveCfg = Release|Any CPU
		{C759B7E9-1D33-4388-9F12-D7690AD97735}.AppStore|iPhone.Build.0 = Release|Any CPU
		{C759B7E9-1D33-4388-9F12-D7690AD97735}.AppStore|iPhone.Deploy.0 = Release|Any CPU
		{C759B7E9-1D33-4388-9F12-D7690AD97735}.AppStore|iPhoneSimulator.ActiveCfg = Release|Any CPU
		{C759B7E9-1D33-4388-9F12-D7690AD97735}.AppStore|iPhoneSimulator.Build.0 = Release|Any CPU
		{C759B7E9-1D33-4388-9F12-D7690AD97735}.AppStore|iPhoneSimulator.Deploy.0 = Release|Any CPU
		{C759B7E9-1D33-4388-9F12-D7690AD97735}.Debug|Any CPU.ActiveCfg = Debug|Any CPU
		{C759B7E9-1D33-4388-9F12-D7690AD97735}.Debug|Any CPU.Build.0 = Debug|Any CPU
		{C759B7E9-1D33-4388-9F12-D7690AD97735}.Debug|Any CPU.Deploy.0 = Debug|Any CPU
		{C759B7E9-1D33-4388-9F12-D7690AD97735}.Debug|iPhone.ActiveCfg = Debug|Any CPU
		{C759B7E9-1D33-4388-9F12-D7690AD97735}.Debug|iPhone.Build.0 = Debug|Any CPU
		{C759B7E9-1D33-4388-9F12-D7690AD97735}.Debug|iPhone.Deploy.0 = Debug|Any CPU
		{C759B7E9-1D33-4388-9F12-D7690AD97735}.Debug|iPhoneSimulator.ActiveCfg = Debug|Any CPU
		{C759B7E9-1D33-4388-9F12-D7690AD97735}.Debug|iPhoneSimulator.Build.0 = Debug|Any CPU
		{C759B7E9-1D33-4388-9F12-D7690AD97735}.Debug|iPhoneSimulator.Deploy.0 = Debug|Any CPU
		{C759B7E9-1D33-4388-9F12-D7690AD97735}.Release|Any CPU.ActiveCfg = Release|Any CPU
		{C759B7E9-1D33-4388-9F12-D7690AD97735}.Release|Any CPU.Build.0 = Release|Any CPU
		{C759B7E9-1D33-4388-9F12-D7690AD97735}.Release|Any CPU.Deploy.0 = Release|Any CPU
		{C759B7E9-1D33-4388-9F12-D7690AD97735}.Release|iPhone.ActiveCfg = Release|Any CPU
		{C759B7E9-1D33-4388-9F12-D7690AD97735}.Release|iPhone.Build.0 = Release|Any CPU
		{C759B7E9-1D33-4388-9F12-D7690AD97735}.Release|iPhone.Deploy.0 = Release|Any CPU
		{C759B7E9-1D33-4388-9F12-D7690AD97735}.Release|iPhoneSimulator.ActiveCfg = Release|Any CPU
		{C759B7E9-1D33-4388-9F12-D7690AD97735}.Release|iPhoneSimulator.Build.0 = Release|Any CPU
		{C759B7E9-1D33-4388-9F12-D7690AD97735}.Release|iPhoneSimulator.Deploy.0 = Release|Any CPU
		{4C09B878-7303-465B-83B6-8822770CE333}.Ad-Hoc|Any CPU.ActiveCfg = Ad-Hoc|iPhone
		{4C09B878-7303-465B-83B6-8822770CE333}.Ad-Hoc|Any CPU.Build.0 = Ad-Hoc|iPhone
		{4C09B878-7303-465B-83B6-8822770CE333}.Ad-Hoc|Any CPU.Deploy.0 = Ad-Hoc|iPhone
		{4C09B878-7303-465B-83B6-8822770CE333}.Ad-Hoc|iPhone.ActiveCfg = Ad-Hoc|iPhone
		{4C09B878-7303-465B-83B6-8822770CE333}.Ad-Hoc|iPhone.Build.0 = Ad-Hoc|iPhone
		{4C09B878-7303-465B-83B6-8822770CE333}.Ad-Hoc|iPhone.Deploy.0 = Ad-Hoc|iPhone
		{4C09B878-7303-465B-83B6-8822770CE333}.Ad-Hoc|iPhoneSimulator.ActiveCfg = Ad-Hoc|iPhoneSimulator
		{4C09B878-7303-465B-83B6-8822770CE333}.Ad-Hoc|iPhoneSimulator.Build.0 = Ad-Hoc|iPhoneSimulator
		{4C09B878-7303-465B-83B6-8822770CE333}.Ad-Hoc|iPhoneSimulator.Deploy.0 = Ad-Hoc|iPhoneSimulator
		{4C09B878-7303-465B-83B6-8822770CE333}.AppStore|Any CPU.ActiveCfg = AppStore|iPhone
		{4C09B878-7303-465B-83B6-8822770CE333}.AppStore|Any CPU.Build.0 = AppStore|iPhone
		{4C09B878-7303-465B-83B6-8822770CE333}.AppStore|Any CPU.Deploy.0 = AppStore|iPhone
		{4C09B878-7303-465B-83B6-8822770CE333}.AppStore|iPhone.ActiveCfg = AppStore|iPhone
		{4C09B878-7303-465B-83B6-8822770CE333}.AppStore|iPhone.Build.0 = AppStore|iPhone
		{4C09B878-7303-465B-83B6-8822770CE333}.AppStore|iPhone.Deploy.0 = AppStore|iPhone
		{4C09B878-7303-465B-83B6-8822770CE333}.AppStore|iPhoneSimulator.ActiveCfg = AppStore|iPhoneSimulator
		{4C09B878-7303-465B-83B6-8822770CE333}.AppStore|iPhoneSimulator.Build.0 = AppStore|iPhoneSimulator
		{4C09B878-7303-465B-83B6-8822770CE333}.AppStore|iPhoneSimulator.Deploy.0 = AppStore|iPhoneSimulator
		{4C09B878-7303-465B-83B6-8822770CE333}.Debug|Any CPU.ActiveCfg = Debug|iPhoneSimulator
		{4C09B878-7303-465B-83B6-8822770CE333}.Debug|Any CPU.Build.0 = Debug|iPhoneSimulator
		{4C09B878-7303-465B-83B6-8822770CE333}.Debug|Any CPU.Deploy.0 = Debug|iPhoneSimulator
		{4C09B878-7303-465B-83B6-8822770CE333}.Debug|iPhone.ActiveCfg = Debug|iPhone
		{4C09B878-7303-465B-83B6-8822770CE333}.Debug|iPhone.Build.0 = Debug|iPhone
		{4C09B878-7303-465B-83B6-8822770CE333}.Debug|iPhone.Deploy.0 = Debug|iPhone
		{4C09B878-7303-465B-83B6-8822770CE333}.Debug|iPhoneSimulator.ActiveCfg = Debug|iPhoneSimulator
		{4C09B878-7303-465B-83B6-8822770CE333}.Debug|iPhoneSimulator.Build.0 = Debug|iPhoneSimulator
		{4C09B878-7303-465B-83B6-8822770CE333}.Debug|iPhoneSimulator.Deploy.0 = Debug|iPhoneSimulator
		{4C09B878-7303-465B-83B6-8822770CE333}.Release|Any CPU.ActiveCfg = Release|iPhone
		{4C09B878-7303-465B-83B6-8822770CE333}.Release|Any CPU.Build.0 = Release|iPhone
		{4C09B878-7303-465B-83B6-8822770CE333}.Release|Any CPU.Deploy.0 = Release|iPhone
		{4C09B878-7303-465B-83B6-8822770CE333}.Release|iPhone.ActiveCfg = Release|iPhone
		{4C09B878-7303-465B-83B6-8822770CE333}.Release|iPhone.Build.0 = Release|iPhone
		{4C09B878-7303-465B-83B6-8822770CE333}.Release|iPhone.Deploy.0 = Release|iPhone
		{4C09B878-7303-465B-83B6-8822770CE333}.Release|iPhoneSimulator.ActiveCfg = Release|iPhoneSimulator
		{4C09B878-7303-465B-83B6-8822770CE333}.Release|iPhoneSimulator.Build.0 = Release|iPhoneSimulator
		{4C09B878-7303-465B-83B6-8822770CE333}.Release|iPhoneSimulator.Deploy.0 = Release|iPhoneSimulator
		{26CDD390-82BF-41EE-A2D1-81FF056C3C53}.Ad-Hoc|Any CPU.ActiveCfg = Debug|Any CPU
		{26CDD390-82BF-41EE-A2D1-81FF056C3C53}.Ad-Hoc|Any CPU.Build.0 = Debug|Any CPU
		{26CDD390-82BF-41EE-A2D1-81FF056C3C53}.Ad-Hoc|Any CPU.Deploy.0 = Debug|Any CPU
		{26CDD390-82BF-41EE-A2D1-81FF056C3C53}.Ad-Hoc|iPhone.ActiveCfg = Debug|Any CPU
		{26CDD390-82BF-41EE-A2D1-81FF056C3C53}.Ad-Hoc|iPhone.Build.0 = Debug|Any CPU
		{26CDD390-82BF-41EE-A2D1-81FF056C3C53}.Ad-Hoc|iPhone.Deploy.0 = Debug|Any CPU
		{26CDD390-82BF-41EE-A2D1-81FF056C3C53}.Ad-Hoc|iPhoneSimulator.ActiveCfg = Debug|Any CPU
		{26CDD390-82BF-41EE-A2D1-81FF056C3C53}.Ad-Hoc|iPhoneSimulator.Build.0 = Debug|Any CPU
		{26CDD390-82BF-41EE-A2D1-81FF056C3C53}.Ad-Hoc|iPhoneSimulator.Deploy.0 = Debug|Any CPU
		{26CDD390-82BF-41EE-A2D1-81FF056C3C53}.AppStore|Any CPU.ActiveCfg = Debug|Any CPU
		{26CDD390-82BF-41EE-A2D1-81FF056C3C53}.AppStore|Any CPU.Build.0 = Debug|Any CPU
		{26CDD390-82BF-41EE-A2D1-81FF056C3C53}.AppStore|Any CPU.Deploy.0 = Debug|Any CPU
		{26CDD390-82BF-41EE-A2D1-81FF056C3C53}.AppStore|iPhone.ActiveCfg = Debug|Any CPU
		{26CDD390-82BF-41EE-A2D1-81FF056C3C53}.AppStore|iPhone.Build.0 = Debug|Any CPU
		{26CDD390-82BF-41EE-A2D1-81FF056C3C53}.AppStore|iPhone.Deploy.0 = Debug|Any CPU
		{26CDD390-82BF-41EE-A2D1-81FF056C3C53}.AppStore|iPhoneSimulator.ActiveCfg = Debug|Any CPU
		{26CDD390-82BF-41EE-A2D1-81FF056C3C53}.AppStore|iPhoneSimulator.Build.0 = Debug|Any CPU
		{26CDD390-82BF-41EE-A2D1-81FF056C3C53}.AppStore|iPhoneSimulator.Deploy.0 = Debug|Any CPU
		{26CDD390-82BF-41EE-A2D1-81FF056C3C53}.Debug|Any CPU.ActiveCfg = Debug|Any CPU
		{26CDD390-82BF-41EE-A2D1-81FF056C3C53}.Debug|Any CPU.Build.0 = Debug|Any CPU
		{26CDD390-82BF-41EE-A2D1-81FF056C3C53}.Debug|Any CPU.Deploy.0 = Debug|Any CPU
		{26CDD390-82BF-41EE-A2D1-81FF056C3C53}.Debug|iPhone.ActiveCfg = Debug|Any CPU
		{26CDD390-82BF-41EE-A2D1-81FF056C3C53}.Debug|iPhone.Build.0 = Debug|Any CPU
		{26CDD390-82BF-41EE-A2D1-81FF056C3C53}.Debug|iPhone.Deploy.0 = Debug|Any CPU
		{26CDD390-82BF-41EE-A2D1-81FF056C3C53}.Debug|iPhoneSimulator.ActiveCfg = Debug|Any CPU
		{26CDD390-82BF-41EE-A2D1-81FF056C3C53}.Debug|iPhoneSimulator.Build.0 = Debug|Any CPU
		{26CDD390-82BF-41EE-A2D1-81FF056C3C53}.Debug|iPhoneSimulator.Deploy.0 = Debug|Any CPU
		{26CDD390-82BF-41EE-A2D1-81FF056C3C53}.Release|Any CPU.ActiveCfg = Release|Any CPU
		{26CDD390-82BF-41EE-A2D1-81FF056C3C53}.Release|Any CPU.Build.0 = Release|Any CPU
		{26CDD390-82BF-41EE-A2D1-81FF056C3C53}.Release|Any CPU.Deploy.0 = Release|Any CPU
		{26CDD390-82BF-41EE-A2D1-81FF056C3C53}.Release|iPhone.ActiveCfg = Release|Any CPU
		{26CDD390-82BF-41EE-A2D1-81FF056C3C53}.Release|iPhone.Build.0 = Release|Any CPU
		{26CDD390-82BF-41EE-A2D1-81FF056C3C53}.Release|iPhone.Deploy.0 = Release|Any CPU
		{26CDD390-82BF-41EE-A2D1-81FF056C3C53}.Release|iPhoneSimulator.ActiveCfg = Release|Any CPU
		{26CDD390-82BF-41EE-A2D1-81FF056C3C53}.Release|iPhoneSimulator.Build.0 = Release|Any CPU
		{26CDD390-82BF-41EE-A2D1-81FF056C3C53}.Release|iPhoneSimulator.Deploy.0 = Release|Any CPU
		{575ACC74-CB00-4E45-805E-4D83B0A84A04}.Ad-Hoc|Any CPU.ActiveCfg = Debug|Any CPU
		{575ACC74-CB00-4E45-805E-4D83B0A84A04}.Ad-Hoc|Any CPU.Build.0 = Debug|Any CPU
		{575ACC74-CB00-4E45-805E-4D83B0A84A04}.Ad-Hoc|iPhone.ActiveCfg = Debug|Any CPU
		{575ACC74-CB00-4E45-805E-4D83B0A84A04}.Ad-Hoc|iPhone.Build.0 = Debug|Any CPU
		{575ACC74-CB00-4E45-805E-4D83B0A84A04}.Ad-Hoc|iPhoneSimulator.ActiveCfg = Debug|Any CPU
		{575ACC74-CB00-4E45-805E-4D83B0A84A04}.Ad-Hoc|iPhoneSimulator.Build.0 = Debug|Any CPU
		{575ACC74-CB00-4E45-805E-4D83B0A84A04}.AppStore|Any CPU.ActiveCfg = Debug|Any CPU
		{575ACC74-CB00-4E45-805E-4D83B0A84A04}.AppStore|Any CPU.Build.0 = Debug|Any CPU
		{575ACC74-CB00-4E45-805E-4D83B0A84A04}.AppStore|iPhone.ActiveCfg = Debug|Any CPU
		{575ACC74-CB00-4E45-805E-4D83B0A84A04}.AppStore|iPhone.Build.0 = Debug|Any CPU
		{575ACC74-CB00-4E45-805E-4D83B0A84A04}.AppStore|iPhoneSimulator.ActiveCfg = Debug|Any CPU
		{575ACC74-CB00-4E45-805E-4D83B0A84A04}.AppStore|iPhoneSimulator.Build.0 = Debug|Any CPU
		{575ACC74-CB00-4E45-805E-4D83B0A84A04}.Debug|Any CPU.ActiveCfg = Debug|Any CPU
		{575ACC74-CB00-4E45-805E-4D83B0A84A04}.Debug|Any CPU.Build.0 = Debug|Any CPU
		{575ACC74-CB00-4E45-805E-4D83B0A84A04}.Debug|iPhone.ActiveCfg = Debug|Any CPU
		{575ACC74-CB00-4E45-805E-4D83B0A84A04}.Debug|iPhone.Build.0 = Debug|Any CPU
		{575ACC74-CB00-4E45-805E-4D83B0A84A04}.Debug|iPhoneSimulator.ActiveCfg = Debug|Any CPU
		{575ACC74-CB00-4E45-805E-4D83B0A84A04}.Debug|iPhoneSimulator.Build.0 = Debug|Any CPU
		{575ACC74-CB00-4E45-805E-4D83B0A84A04}.Release|Any CPU.ActiveCfg = Release|Any CPU
		{575ACC74-CB00-4E45-805E-4D83B0A84A04}.Release|Any CPU.Build.0 = Release|Any CPU
		{575ACC74-CB00-4E45-805E-4D83B0A84A04}.Release|iPhone.ActiveCfg = Release|Any CPU
		{575ACC74-CB00-4E45-805E-4D83B0A84A04}.Release|iPhone.Build.0 = Release|Any CPU
		{575ACC74-CB00-4E45-805E-4D83B0A84A04}.Release|iPhoneSimulator.ActiveCfg = Release|Any CPU
		{575ACC74-CB00-4E45-805E-4D83B0A84A04}.Release|iPhoneSimulator.Build.0 = Release|Any CPU
		{6A61B687-7D94-4D00-A01C-16BB12D51B05}.Ad-Hoc|Any CPU.ActiveCfg = Release|Any CPU
		{6A61B687-7D94-4D00-A01C-16BB12D51B05}.Ad-Hoc|Any CPU.Build.0 = Release|Any CPU
		{6A61B687-7D94-4D00-A01C-16BB12D51B05}.Ad-Hoc|iPhone.ActiveCfg = Release|Any CPU
		{6A61B687-7D94-4D00-A01C-16BB12D51B05}.Ad-Hoc|iPhone.Build.0 = Release|Any CPU
		{6A61B687-7D94-4D00-A01C-16BB12D51B05}.Ad-Hoc|iPhoneSimulator.ActiveCfg = Release|Any CPU
		{6A61B687-7D94-4D00-A01C-16BB12D51B05}.Ad-Hoc|iPhoneSimulator.Build.0 = Release|Any CPU
		{6A61B687-7D94-4D00-A01C-16BB12D51B05}.AppStore|Any CPU.ActiveCfg = Release|Any CPU
		{6A61B687-7D94-4D00-A01C-16BB12D51B05}.AppStore|Any CPU.Build.0 = Release|Any CPU
		{6A61B687-7D94-4D00-A01C-16BB12D51B05}.AppStore|iPhone.ActiveCfg = Release|Any CPU
		{6A61B687-7D94-4D00-A01C-16BB12D51B05}.AppStore|iPhone.Build.0 = Release|Any CPU
		{6A61B687-7D94-4D00-A01C-16BB12D51B05}.AppStore|iPhoneSimulator.ActiveCfg = Release|Any CPU
		{6A61B687-7D94-4D00-A01C-16BB12D51B05}.AppStore|iPhoneSimulator.Build.0 = Release|Any CPU
		{6A61B687-7D94-4D00-A01C-16BB12D51B05}.Debug|Any CPU.ActiveCfg = Debug|Any CPU
		{6A61B687-7D94-4D00-A01C-16BB12D51B05}.Debug|Any CPU.Build.0 = Debug|Any CPU
		{6A61B687-7D94-4D00-A01C-16BB12D51B05}.Debug|iPhone.ActiveCfg = Debug|Any CPU
		{6A61B687-7D94-4D00-A01C-16BB12D51B05}.Debug|iPhone.Build.0 = Debug|Any CPU
		{6A61B687-7D94-4D00-A01C-16BB12D51B05}.Debug|iPhoneSimulator.ActiveCfg = Debug|Any CPU
		{6A61B687-7D94-4D00-A01C-16BB12D51B05}.Debug|iPhoneSimulator.Build.0 = Debug|Any CPU
		{6A61B687-7D94-4D00-A01C-16BB12D51B05}.Release|Any CPU.ActiveCfg = Release|Any CPU
		{6A61B687-7D94-4D00-A01C-16BB12D51B05}.Release|Any CPU.Build.0 = Release|Any CPU
		{6A61B687-7D94-4D00-A01C-16BB12D51B05}.Release|iPhone.ActiveCfg = Release|Any CPU
		{6A61B687-7D94-4D00-A01C-16BB12D51B05}.Release|iPhone.Build.0 = Release|Any CPU
		{6A61B687-7D94-4D00-A01C-16BB12D51B05}.Release|iPhoneSimulator.ActiveCfg = Release|Any CPU
		{6A61B687-7D94-4D00-A01C-16BB12D51B05}.Release|iPhoneSimulator.Build.0 = Release|Any CPU
		{E0DEAC5D-89FB-4A9D-A58E-463F675E8204}.Ad-Hoc|Any CPU.ActiveCfg = Debug|Any CPU
		{E0DEAC5D-89FB-4A9D-A58E-463F675E8204}.Ad-Hoc|Any CPU.Build.0 = Debug|Any CPU
		{E0DEAC5D-89FB-4A9D-A58E-463F675E8204}.Ad-Hoc|iPhone.ActiveCfg = Debug|Any CPU
		{E0DEAC5D-89FB-4A9D-A58E-463F675E8204}.Ad-Hoc|iPhone.Build.0 = Debug|Any CPU
		{E0DEAC5D-89FB-4A9D-A58E-463F675E8204}.Ad-Hoc|iPhoneSimulator.ActiveCfg = Debug|Any CPU
		{E0DEAC5D-89FB-4A9D-A58E-463F675E8204}.Ad-Hoc|iPhoneSimulator.Build.0 = Debug|Any CPU
		{E0DEAC5D-89FB-4A9D-A58E-463F675E8204}.AppStore|Any CPU.ActiveCfg = Debug|Any CPU
		{E0DEAC5D-89FB-4A9D-A58E-463F675E8204}.AppStore|Any CPU.Build.0 = Debug|Any CPU
		{E0DEAC5D-89FB-4A9D-A58E-463F675E8204}.AppStore|iPhone.ActiveCfg = Debug|Any CPU
		{E0DEAC5D-89FB-4A9D-A58E-463F675E8204}.AppStore|iPhone.Build.0 = Debug|Any CPU
		{E0DEAC5D-89FB-4A9D-A58E-463F675E8204}.AppStore|iPhoneSimulator.ActiveCfg = Debug|Any CPU
		{E0DEAC5D-89FB-4A9D-A58E-463F675E8204}.AppStore|iPhoneSimulator.Build.0 = Debug|Any CPU
		{E0DEAC5D-89FB-4A9D-A58E-463F675E8204}.Debug|Any CPU.ActiveCfg = Debug|Any CPU
		{E0DEAC5D-89FB-4A9D-A58E-463F675E8204}.Debug|Any CPU.Build.0 = Debug|Any CPU
		{E0DEAC5D-89FB-4A9D-A58E-463F675E8204}.Debug|iPhone.ActiveCfg = Debug|Any CPU
		{E0DEAC5D-89FB-4A9D-A58E-463F675E8204}.Debug|iPhone.Build.0 = Debug|Any CPU
		{E0DEAC5D-89FB-4A9D-A58E-463F675E8204}.Debug|iPhoneSimulator.ActiveCfg = Debug|Any CPU
		{E0DEAC5D-89FB-4A9D-A58E-463F675E8204}.Debug|iPhoneSimulator.Build.0 = Debug|Any CPU
		{E0DEAC5D-89FB-4A9D-A58E-463F675E8204}.Release|Any CPU.ActiveCfg = Release|Any CPU
		{E0DEAC5D-89FB-4A9D-A58E-463F675E8204}.Release|Any CPU.Build.0 = Release|Any CPU
		{E0DEAC5D-89FB-4A9D-A58E-463F675E8204}.Release|iPhone.ActiveCfg = Release|Any CPU
		{E0DEAC5D-89FB-4A9D-A58E-463F675E8204}.Release|iPhone.Build.0 = Release|Any CPU
		{E0DEAC5D-89FB-4A9D-A58E-463F675E8204}.Release|iPhoneSimulator.ActiveCfg = Release|Any CPU
		{E0DEAC5D-89FB-4A9D-A58E-463F675E8204}.Release|iPhoneSimulator.Build.0 = Release|Any CPU
	EndGlobalSection
	GlobalSection(SolutionProperties) = preSolution
		HideSolutionNode = FALSE
	EndGlobalSection
	GlobalSection(NestedProjects) = preSolution
		{C759B7E9-1D33-4388-9F12-D7690AD97735} = {4AC74E05-EF61-49E1-80FD-DF958F11B9F3}
		{4C09B878-7303-465B-83B6-8822770CE333} = {4AC74E05-EF61-49E1-80FD-DF958F11B9F3}
		{26CDD390-82BF-41EE-A2D1-81FF056C3C53} = {4AC74E05-EF61-49E1-80FD-DF958F11B9F3}
		{575ACC74-CB00-4E45-805E-4D83B0A84A04} = {91EC6788-DF2A-4293-B712-8BB300A11A4E}
		{6A61B687-7D94-4D00-A01C-16BB12D51B05} = {8B6E65F6-7002-4EB0-ADF9-FF3ABB9A02B1}
		{E0DEAC5D-89FB-4A9D-A58E-463F675E8204} = {91EC6788-DF2A-4293-B712-8BB300A11A4E}
	EndGlobalSection
	GlobalSection(ExtensibilityGlobals) = postSolution
		SolutionGuid = {307E160C-3E4C-4DC7-81F6-AC2DD18ABE5F}
	EndGlobalSection
EndGlobal
